
Microsoft Visual Studio Solution File, Format Version 12.00
# Visual Studio 14
VisualStudioVersion = 14.0.24720.0
MinimumVisualStudioVersion = 10.0.40219.1
Project("{FAE04EC0-301F-11D3-BF4B-00C04F79EFBC}") = "E_Petrol_Website", "E_Petrol_Website\E_Petrol_Website.csproj", "{FE438994-2089-4BF8-BD5D-76C23C4846AF}"
EndProject
Global
	GlobalSection(SolutionConfigurationPlatforms) = preSolution
		Debug|Any CPU = Debug|Any CPU
		Release|Any CPU = Release|Any CPU
	EndGlobalSection
	GlobalSection(ProjectConfigurationPlatforms) = postSolution
		{FE438994-2089-4BF8-BD5D-76C23C4846AF}.Debug|Any CPU.ActiveCfg = Debug|Any CPU
		{FE438994-2089-4BF8-BD5D-76C23C4846AF}.Debug|Any CPU.Build.0 = Debug|Any CPU
		{FE438994-2089-4BF8-BD5D-76C23C4846AF}.Release|Any CPU.ActiveCfg = Release|Any CPU
		{FE438994-2089-4BF8-BD5D-76C23C4846AF}.Release|Any CPU.Build.0 = Release|Any CPU
	EndGlobalSection
	GlobalSection(SolutionProperties) = preSolution
		HideSolutionNode = FALSE
	EndGlobalSection
EndGlobal
